// !$*UTF8*$!
{
	archiveVersion = 1;
	classes = {
	};
	objectVersion = 55;
	objects = {

/* Begin PBXBuildFile section */
		278E2F4727F88D8200CEC573 /* HambaClassVersionApp.swift in Sources */ = {isa = PBXBuildFile; fileRef = 278E2F4627F88D8200CEC573 /* HambaClassVersionApp.swift */; };
		278E2F4927F88D8200CEC573 /* ContentView.swift in Sources */ = {isa = PBXBuildFile; fileRef = 278E2F4827F88D8200CEC573 /* ContentView.swift */; };
		278E2F4B27F88D8300CEC573 /* Assets.xcassets in Resources */ = {isa = PBXBuildFile; fileRef = 278E2F4A27F88D8300CEC573 /* Assets.xcassets */; };
		278E2F4E27F88D8300CEC573 /* Preview Assets.xcassets in Resources */ = {isa = PBXBuildFile; fileRef = 278E2F4D27F88D8300CEC573 /* Preview Assets.xcassets */; };
		278E2F5827F88D8300CEC573 /* HambaClassVersionTests.swift in Sources */ = {isa = PBXBuildFile; fileRef = 278E2F5727F88D8300CEC573 /* HambaClassVersionTests.swift */; };
		278E2F6227F88D8300CEC573 /* HambaClassVersionUITests.swift in Sources */ = {isa = PBXBuildFile; fileRef = 278E2F6127F88D8300CEC573 /* HambaClassVersionUITests.swift */; };
		278E2F6427F88D8300CEC573 /* HambaClassVersionUITestsLaunchTests.swift in Sources */ = {isa = PBXBuildFile; fileRef = 278E2F6327F88D8300CEC573 /* HambaClassVersionUITestsLaunchTests.swift */; };
		278E2F7127F8909700CEC573 /* MapView.swift in Sources */ = {isa = PBXBuildFile; fileRef = 278E2F7027F8909700CEC573 /* MapView.swift */; };
/* End PBXBuildFile section */

/* Begin PBXContainerItemProxy section */
		278E2F5427F88D8300CEC573 /* PBXContainerItemProxy */ = {
			isa = PBXContainerItemProxy;
			containerPortal = 278E2F3B27F88D8200CEC573 /* Project object */;
			proxyType = 1;
			remoteGlobalIDString = 278E2F4227F88D8200CEC573;
			remoteInfo = HambaClassVersion;
		};
		278E2F5E27F88D8300CEC573 /* PBXContainerItemProxy */ = {
			isa = PBXContainerItemProxy;
			containerPortal = 278E2F3B27F88D8200CEC573 /* Project object */;
			proxyType = 1;
			remoteGlobalIDString = 278E2F4227F88D8200CEC573;
			remoteInfo = HambaClassVersion;
		};
/* End PBXContainerItemProxy section */

/* Begin PBXFileReference section */
		278E2F4327F88D8200CEC573 /* HambaClassVersion.app */ = {isa = PBXFileReference; explicitFileType = wrapper.application; includeInIndex = 0; path = HambaClassVersion.app; sourceTree = BUILT_PRODUCTS_DIR; };
		278E2F4627F88D8200CEC573 /* HambaClassVersionApp.swift */ = {isa = PBXFileReference; lastKnownFileType = sourcecode.swift; path = HambaClassVersionApp.swift; sourceTree = "<group>"; };
		278E2F4827F88D8200CEC573 /* ContentView.swift */ = {isa = PBXFileReference; lastKnownFileType = sourcecode.swift; path = ContentView.swift; sourceTree = "<group>"; };
		278E2F4A27F88D8300CEC573 /* Assets.xcassets */ = {isa = PBXFileReference; lastKnownFileType = folder.assetcatalog; path = Assets.xcassets; sourceTree = "<group>"; };
		278E2F4D27F88D8300CEC573 /* Preview Assets.xcassets */ = {isa = PBXFileReference; lastKnownFileType = folder.assetcatalog; path = "Preview Assets.xcassets"; sourceTree = "<group>"; };
		278E2F5327F88D8300CEC573 /* HambaClassVersionTests.xctest */ = {isa = PBXFileReference; explicitFileType = wrapper.cfbundle; includeInIndex = 0; path = HambaClassVersionTests.xctest; sourceTree = BUILT_PRODUCTS_DIR; };
		278E2F5727F88D8300CEC573 /* HambaClassVersionTests.swift */ = {isa = PBXFileReference; lastKnownFileType = sourcecode.swift; path = HambaClassVersionTests.swift; sourceTree = "<group>"; };
		278E2F5D27F88D8300CEC573 /* HambaClassVersionUITests.xctest */ = {isa = PBXFileReference; explicitFileType = wrapper.cfbundle; includeInIndex = 0; path = HambaClassVersionUITests.xctest; sourceTree = BUILT_PRODUCTS_DIR; };
		278E2F6127F88D8300CEC573 /* HambaClassVersionUITests.swift */ = {isa = PBXFileReference; lastKnownFileType = sourcecode.swift; path = HambaClassVersionUITests.swift; sourceTree = "<group>"; };
		278E2F6327F88D8300CEC573 /* HambaClassVersionUITestsLaunchTests.swift */ = {isa = PBXFileReference; lastKnownFileType = sourcecode.swift; path = HambaClassVersionUITestsLaunchTests.swift; sourceTree = "<group>"; };
		278E2F7027F8909700CEC573 /* MapView.swift */ = {isa = PBXFileReference; lastKnownFileType = sourcecode.swift; path = MapView.swift; sourceTree = "<group>"; };
/* End PBXFileReference section */

/* Begin PBXFrameworksBuildPhase section */
		278E2F4027F88D8200CEC573 /* Frameworks */ = {
			isa = PBXFrameworksBuildPhase;
			buildActionMask = 2147483647;
			files = (
			);
			runOnlyForDeploymentPostprocessing = 0;
		};
		278E2F5027F88D8300CEC573 /* Frameworks */ = {
			isa = PBXFrameworksBuildPhase;
			buildActionMask = 2147483647;
			files = (
			);
			runOnlyForDeploymentPostprocessing = 0;
		};
		278E2F5A27F88D8300CEC573 /* Frameworks */ = {
			isa = PBXFrameworksBuildPhase;
			buildActionMask = 2147483647;
			files = (
			);
			runOnlyForDeploymentPostprocessing = 0;
		};
/* End PBXFrameworksBuildPhase section */

/* Begin PBXGroup section */
		278E2F3A27F88D8200CEC573 = {
			isa = PBXGroup;
			children = (
				278E2F4527F88D8200CEC573 /* HambaClassVersion */,
				278E2F5627F88D8300CEC573 /* HambaClassVersionTests */,
				278E2F6027F88D8300CEC573 /* HambaClassVersionUITests */,
				278E2F4427F88D8200CEC573 /* Products */,
			);
			sourceTree = "<group>";
		};
		278E2F4427F88D8200CEC573 /* Products */ = {
			isa = PBXGroup;
			children = (
				278E2F4327F88D8200CEC573 /* HambaClassVersion.app */,
				278E2F5327F88D8300CEC573 /* HambaClassVersionTests.xctest */,
				278E2F5D27F88D8300CEC573 /* HambaClassVersionUITests.xctest */,
			);
			name = Products;
			sourceTree = "<group>";
		};
		278E2F4527F88D8200CEC573 /* HambaClassVersion */ = {
			isa = PBXGroup;
			children = (
				278E2F4627F88D8200CEC573 /* HambaClassVersionApp.swift */,
				278E2F4827F88D8200CEC573 /* ContentView.swift */,
				278E2F7027F8909700CEC573 /* MapView.swift */,
				278E2F4A27F88D8300CEC573 /* Assets.xcassets */,
				278E2F4C27F88D8300CEC573 /* Preview Content */,
			);
			path = HambaClassVersion;
			sourceTree = "<group>";
		};
		278E2F4C27F88D8300CEC573 /* Preview Content */ = {
			isa = PBXGroup;
			children = (
				278E2F4D27F88D8300CEC573 /* Preview Assets.xcassets */,
			);
			path = "Preview Content";
			sourceTree = "<group>";
		};
		278E2F5627F88D8300CEC573 /* HambaClassVersionTests */ = {
			isa = PBXGroup;
			children = (
				278E2F5727F88D8300CEC573 /* HambaClassVersionTests.swift */,
			);
			path = HambaClassVersionTests;
			sourceTree = "<group>";
		};
		278E2F6027F88D8300CEC573 /* HambaClassVersionUITests */ = {
			isa = PBXGroup;
			children = (
				278E2F6127F88D8300CEC573 /* HambaClassVersionUITests.swift */,
				278E2F6327F88D8300CEC573 /* HambaClassVersionUITestsLaunchTests.swift */,
			);
			path = HambaClassVersionUITests;
			sourceTree = "<group>";
		};
/* End PBXGroup section */

/* Begin PBXNativeTarget section */
		278E2F4227F88D8200CEC573 /* HambaClassVersion */ = {
			isa = PBXNativeTarget;
			buildConfigurationList = 278E2F6727F88D8300CEC573 /* Build configuration list for PBXNativeTarget "HambaClassVersion" */;
			buildPhases = (
				278E2F3F27F88D8200CEC573 /* Sources */,
				278E2F4027F88D8200CEC573 /* Frameworks */,
				278E2F4127F88D8200CEC573 /* Resources */,
			);
			buildRules = (
			);
			dependencies = (
			);
			name = HambaClassVersion;
			productName = HambaClassVersion;
			productReference = 278E2F4327F88D8200CEC573 /* HambaClassVersion.app */;
			productType = "com.apple.product-type.application";
		};
		278E2F5227F88D8300CEC573 /* HambaClassVersionTests */ = {
			isa = PBXNativeTarget;
			buildConfigurationList = 278E2F6A27F88D8300CEC573 /* Build configuration list for PBXNativeTarget "HambaClassVersionTests" */;
			buildPhases = (
				278E2F4F27F88D8300CEC573 /* Sources */,
				278E2F5027F88D8300CEC573 /* Frameworks */,
				278E2F5127F88D8300CEC573 /* Resources */,
			);
			buildRules = (
			);
			dependencies = (
				278E2F5527F88D8300CEC573 /* PBXTargetDependency */,
			);
			name = HambaClassVersionTests;
			productName = HambaClassVersionTests;
			productReference = 278E2F5327F88D8300CEC573 /* HambaClassVersionTests.xctest */;
			productType = "com.apple.product-type.bundle.unit-test";
		};
		278E2F5C27F88D8300CEC573 /* HambaClassVersionUITests */ = {
			isa = PBXNativeTarget;
			buildConfigurationList = 278E2F6D27F88D8300CEC573 /* Build configuration list for PBXNativeTarget "HambaClassVersionUITests" */;
			buildPhases = (
				278E2F5927F88D8300CEC573 /* Sources */,
				278E2F5A27F88D8300CEC573 /* Frameworks */,
				278E2F5B27F88D8300CEC573 /* Resources */,
			);
			buildRules = (
			);
			dependencies = (
				278E2F5F27F88D8300CEC573 /* PBXTargetDependency */,
			);
			name = HambaClassVersionUITests;
			productName = HambaClassVersionUITests;
			productReference = 278E2F5D27F88D8300CEC573 /* HambaClassVersionUITests.xctest */;
			productType = "com.apple.product-type.bundle.ui-testing";
		};
/* End PBXNativeTarget section */

/* Begin PBXProject section */
		278E2F3B27F88D8200CEC573 /* Project object */ = {
			isa = PBXProject;
			attributes = {
				BuildIndependentTargetsInParallel = 1;
				LastSwiftUpdateCheck = 1330;
				LastUpgradeCheck = 1330;
				TargetAttributes = {
					278E2F4227F88D8200CEC573 = {
						CreatedOnToolsVersion = 13.3;
					};
					278E2F5227F88D8300CEC573 = {
						CreatedOnToolsVersion = 13.3;
						TestTargetID = 278E2F4227F88D8200CEC573;
					};
					278E2F5C27F88D8300CEC573 = {
						CreatedOnToolsVersion = 13.3;
						TestTargetID = 278E2F4227F88D8200CEC573;
					};
				};
			};
			buildConfigurationList = 278E2F3E27F88D8200CEC573 /* Build configuration list for PBXProject "HambaClassVersion" */;
			compatibilityVersion = "Xcode 13.0";
			developmentRegion = en;
			hasScannedForEncodings = 0;
			knownRegions = (
				en,
				Base,
			);
			mainGroup = 278E2F3A27F88D8200CEC573;
			productRefGroup = 278E2F4427F88D8200CEC573 /* Products */;
			projectDirPath = "";
			projectRoot = "";
			targets = (
				278E2F4227F88D8200CEC573 /* HambaClassVersion */,
				278E2F5227F88D8300CEC573 /* HambaClassVersionTests */,
				278E2F5C27F88D8300CEC573 /* HambaClassVersionUITests */,
			);
		};
/* End PBXProject section */

/* Begin PBXResourcesBuildPhase section */
		278E2F4127F88D8200CEC573 /* Resources */ = {
			isa = PBXResourcesBuildPhase;
			buildActionMask = 2147483647;
			files = (
				278E2F4E27F88D8300CEC573 /* Preview Assets.xcassets in Resources */,
				278E2F4B27F88D8300CEC573 /* Assets.xcassets in Resources */,
			);
			runOnlyForDeploymentPostprocessing = 0;
		};
		278E2F5127F88D8300CEC573 /* Resources */ = {
			isa = PBXResourcesBuildPhase;
			buildActionMask = 2147483647;
			files = (
			);
			runOnlyForDeploymentPostprocessing = 0;
		};
		278E2F5B27F88D8300CEC573 /* Resources */ = {
			isa = PBXResourcesBuildPhase;
			buildActionMask = 2147483647;
			files = (
			);
			runOnlyForDeploymentPostprocessing = 0;
		};
/* End PBXResourcesBuildPhase section */

/* Begin PBXSourcesBuildPhase section */
		278E2F3F27F88D8200CEC573 /* Sources */ = {
			isa = PBXSourcesBuildPhase;
			buildActionMask = 2147483647;
			files = (
				278E2F4927F88D8200CEC573 /* ContentView.swift in Sources */,
				278E2F7127F8909700CEC573 /* MapView.swift in Sources */,
				278E2F4727F88D8200CEC573 /* HambaClassVersionApp.swift in Sources */,
			);
			runOnlyForDeploymentPostprocessing = 0;
		};
		278E2F4F27F88D8300CEC573 /* Sources */ = {
			isa = PBXSourcesBuildPhase;
			buildActionMask = 2147483647;
			files = (
				278E2F5827F88D8300CEC573 /* HambaClassVersionTests.swift in Sources */,
			);
			runOnlyForDeploymentPostprocessing = 0;
		};
		278E2F5927F88D8300CEC573 /* Sources */ = {
			isa = PBXSourcesBuildPhase;
			buildActionMask = 2147483647;
			files = (
				278E2F6427F88D8300CEC573 /* HambaClassVersionUITestsLaunchTests.swift in Sources */,
				278E2F6227F88D8300CEC573 /* HambaClassVersionUITests.swift in Sources */,
			);
			runOnlyForDeploymentPostprocessing = 0;
		};
/* End PBXSourcesBuildPhase section */

/* Begin PBXTargetDependency section */
		278E2F5527F88D8300CEC573 /* PBXTargetDependency */ = {
			isa = PBXTargetDependency;
			target = 278E2F4227F88D8200CEC573 /* HambaClassVersion */;
			targetProxy = 278E2F5427F88D8300CEC573 /* PBXContainerItemProxy */;
		};
		278E2F5F27F88D8300CEC573 /* PBXTargetDependency */ = {
			isa = PBXTargetDependency;
			target = 278E2F4227F88D8200CEC573 /* HambaClassVersion */;
			targetProxy = 278E2F5E27F88D8300CEC573 /* PBXContainerItemProxy */;
		};
/* End PBXTargetDependency section */

/* Begin XCBuildConfiguration section */
		278E2F6527F88D8300CEC573 /* Debug */ = {
			isa = XCBuildConfiguration;
			buildSettings = {
				ALWAYS_SEARCH_USER_PATHS = NO;
				CLANG_ANALYZER_NONNULL = YES;
				CLANG_ANALYZER_NUMBER_OBJECT_CONVERSION = YES_AGGRESSIVE;
				CLANG_CXX_LANGUAGE_STANDARD = "gnu++17";
				CLANG_ENABLE_MODULES = YES;
				CLANG_ENABLE_OBJC_ARC = YES;
				CLANG_ENABLE_OBJC_WEAK = YES;
				CLANG_WARN_BLOCK_CAPTURE_AUTORELEASING = YES;
				CLANG_WARN_BOOL_CONVERSION = YES;
				CLANG_WARN_COMMA = YES;
				CLANG_WARN_CONSTANT_CONVERSION = YES;
				CLANG_WARN_DEPRECATED_OBJC_IMPLEMENTATIONS = YES;
				CLANG_WARN_DIRECT_OBJC_ISA_USAGE = YES_ERROR;
				CLANG_WARN_DOCUMENTATION_COMMENTS = YES;
				CLANG_WARN_EMPTY_BODY = YES;
				CLANG_WARN_ENUM_CONVERSION = YES;
				CLANG_WARN_INFINITE_RECURSION = YES;
				CLANG_WARN_INT_CONVERSION = YES;
				CLANG_WARN_NON_LITERAL_NULL_CONVERSION = YES;
				CLANG_WARN_OBJC_IMPLICIT_RETAIN_SELF = YES;
				CLANG_WARN_OBJC_LITERAL_CONVERSION = YES;
				CLANG_WARN_OBJC_ROOT_CLASS = YES_ERROR;
				CLANG_WARN_QUOTED_INCLUDE_IN_FRAMEWORK_HEADER = YES;
				CLANG_WARN_RANGE_LOOP_ANALYSIS = YES;
				CLANG_WARN_STRICT_PROTOTYPES = YES;
				CLANG_WARN_SUSPICIOUS_MOVE = YES;
				CLANG_WARN_UNGUARDED_AVAILABILITY = YES_AGGRESSIVE;
				CLANG_WARN_UNREACHABLE_CODE = YES;
				CLANG_WARN__DUPLICATE_METHOD_MATCH = YES;
				COPY_PHASE_STRIP = NO;
				DEBUG_INFORMATION_FORMAT = dwarf;
				ENABLE_STRICT_OBJC_MSGSEND = YES;
				ENABLE_TESTABILITY = YES;
				GCC_C_LANGUAGE_STANDARD = gnu11;
				GCC_DYNAMIC_NO_PIC = NO;
				GCC_NO_COMMON_BLOCKS = YES;
				GCC_OPTIMIZATION_LEVEL = 0;
				GCC_PREPROCESSOR_DEFINITIONS = (
					"DEBUG=1",
					"$(inherited)",
				);
				GCC_WARN_64_TO_32_BIT_CONVERSION = YES;
				GCC_WARN_ABOUT_RETURN_TYPE = YES_ERROR;
				GCC_WARN_UNDECLARED_SELECTOR = YES;
				GCC_WARN_UNINITIALIZED_AUTOS = YES_AGGRESSIVE;
				GCC_WARN_UNUSED_FUNCTION = YES;
				GCC_WARN_UNUSED_VARIABLE = YES;
				IPHONEOS_DEPLOYMENT_TARGET = 15.4;
				MTL_ENABLE_DEBUG_INFO = INCLUDE_SOURCE;
				MTL_FAST_MATH = YES;
				ONLY_ACTIVE_ARCH = YES;
				SDKROOT = iphoneos;
				SWIFT_ACTIVE_COMPILATION_CONDITIONS = DEBUG;
				SWIFT_OPTIMIZATION_LEVEL = "-Onone";
			};
			name = Debug;
		};
		278E2F6627F88D8300CEC573 /* Release */ = {
			isa = XCBuildConfiguration;
			buildSettings = {
				ALWAYS_SEARCH_USER_PATHS = NO;
				CLANG_ANALYZER_NONNULL = YES;
				CLANG_ANALYZER_NUMBER_OBJECT_CONVERSION = YES_AGGRESSIVE;
				CLANG_CXX_LANGUAGE_STANDARD = "gnu++17";
				CLANG_ENABLE_MODULES = YES;
				CLANG_ENABLE_OBJC_ARC = YES;
				CLANG_ENABLE_OBJC_WEAK = YES;
				CLANG_WARN_BLOCK_CAPTURE_AUTORELEASING = YES;
				CLANG_WARN_BOOL_CONVERSION = YES;
				CLANG_WARN_COMMA = YES;
				CLANG_WARN_CONSTANT_CONVERSION = YES;
				CLANG_WARN_DEPRECATED_OBJC_IMPLEMENTATIONS = YES;
				CLANG_WARN_DIRECT_OBJC_ISA_USAGE = YES_ERROR;
				CLANG_WARN_DOCUMENTATION_COMMENTS = YES;
				CLANG_WARN_EMPTY_BODY = YES;
				CLANG_WARN_ENUM_CONVERSION = YES;
				CLANG_WARN_INFINITE_RECURSION = YES;
				CLANG_WARN_INT_CONVERSION = YES;
				CLANG_WARN_NON_LITERAL_NULL_CONVERSION = YES;
				CLANG_WARN_OBJC_IMPLICIT_RETAIN_SELF = YES;
				CLANG_WARN_OBJC_LITERAL_CONVERSION = YES;
				CLANG_WARN_OBJC_ROOT_CLASS = YES_ERROR;
				CLANG_WARN_QUOTED_INCLUDE_IN_FRAMEWORK_HEADER = YES;
				CLANG_WARN_RANGE_LOOP_ANALYSIS = YES;
				CLANG_WARN_STRICT_PROTOTYPES = YES;
				CLANG_WARN_SUSPICIOUS_MOVE = YES;
				CLANG_WARN_UNGUARDED_AVAILABILITY = YES_AGGRESSIVE;
				CLANG_WARN_UNREACHABLE_CODE = YES;
				CLANG_WARN__DUPLICATE_METHOD_MATCH = YES;
				COPY_PHASE_STRIP = NO;
				DEBUG_INFORMATION_FORMAT = "dwarf-with-dsym";
				ENABLE_NS_ASSERTIONS = NO;
				ENABLE_STRICT_OBJC_MSGSEND = YES;
				GCC_C_LANGUAGE_STANDARD = gnu11;
				GCC_NO_COMMON_BLOCKS = YES;
				GCC_WARN_64_TO_32_BIT_CONVERSION = YES;
				GCC_WARN_ABOUT_RETURN_TYPE = YES_ERROR;
				GCC_WARN_UNDECLARED_SELECTOR = YES;
				GCC_WARN_UNINITIALIZED_AUTOS = YES_AGGRESSIVE;
				GCC_WARN_UNUSED_FUNCTION = YES;
				GCC_WARN_UNUSED_VARIABLE = YES;
				IPHONEOS_DEPLOYMENT_TARGET = 15.4;
				MTL_ENABLE_DEBUG_INFO = NO;
				MTL_FAST_MATH = YES;
				SDKROOT = iphoneos;
				SWIFT_COMPILATION_MODE = wholemodule;
				SWIFT_OPTIMIZATION_LEVEL = "-O";
				VALIDATE_PRODUCT = YES;
			};
			name = Release;
		};
		278E2F6827F88D8300CEC573 /* Debug */ = {
			isa = XCBuildConfiguration;
			buildSettings = {
				ASSETCATALOG_COMPILER_APPICON_NAME = AppIcon;
				ASSETCATALOG_COMPILER_GLOBAL_ACCENT_COLOR_NAME = AccentColor;
				CODE_SIGN_STYLE = Automatic;
				CURRENT_PROJECT_VERSION = 1;
				DEVELOPMENT_ASSET_PATHS = "\"HambaClassVersion/Preview Content\"";
				DEVELOPMENT_TEAM = 2TTZ43SF89;
				ENABLE_PREVIEWS = YES;
				GENERATE_INFOPLIST_FILE = YES;
				INFOPLIST_KEY_UIApplicationSceneManifest_Generation = YES;
				INFOPLIST_KEY_UIApplicationSupportsIndirectInputEvents = YES;
				INFOPLIST_KEY_UILaunchScreen_Generation = YES;
				INFOPLIST_KEY_UISupportedInterfaceOrientations_iPad = "UIInterfaceOrientationPortrait UIInterfaceOrientationPortraitUpsideDown UIInterfaceOrientationLandscapeLeft UIInterfaceOrientationLandscapeRight";
				INFOPLIST_KEY_UISupportedInterfaceOrientations_iPhone = "UIInterfaceOrientationPortrait UIInterfaceOrientationLandscapeLeft UIInterfaceOrientationLandscapeRight";
				IPHONEOS_DEPLOYMENT_TARGET = 15.0;
				LD_RUNPATH_SEARCH_PATHS = (
					"$(inherited)",
					"@executable_path/Frameworks",
				);
				MARKETING_VERSION = 1.0;
				PRODUCT_BUNDLE_IDENTIFIER = co.za.buddyproductions.HambaClassVersion;
				PRODUCT_NAME = "$(TARGET_NAME)";
				SWIFT_EMIT_LOC_STRINGS = YES;
				SWIFT_VERSION = 5.0;
				TARGETED_DEVICE_FAMILY = "1,2";
			};
			name = Debug;
		};
		278E2F6927F88D8300CEC573 /* Release */ = {
			isa = XCBuildConfiguration;
			buildSettings = {
				ASSETCATALOG_COMPILER_APPICON_NAME = AppIcon;
				ASSETCATALOG_COMPILER_GLOBAL_ACCENT_COLOR_NAME = AccentColor;
				CODE_SIGN_STYLE = Automatic;
				CURRENT_PROJECT_VERSION = 1;
				DEVELOPMENT_ASSET_PATHS = "\"HambaClassVersion/Preview Content\"";
				DEVELOPMENT_TEAM = 2TTZ43SF89;
				ENABLE_PREVIEWS = YES;
				GENERATE_INFOPLIST_FILE = YES;
				INFOPLIST_KEY_UIApplicationSceneManifest_Generation = YES;
				INFOPLIST_KEY_UIApplicationSupportsIndirectInputEvents = YES;
				INFOPLIST_KEY_UILaunchScreen_Generation = YES;
				INFOPLIST_KEY_UISupportedInterfaceOrientations_iPad = "UIInterfaceOrientationPortrait UIInterfaceOrientationPortraitUpsideDown UIInterfaceOrientationLandscapeLeft UIInterfaceOrientationLandscapeRight";
				INFOPLIST_KEY_UISupportedInterfaceOrientations_iPhone = "UIInterfaceOrientationPortrait UIInterfaceOrientationLandscapeLeft UIInterfaceOrientationLandscapeRight";
				IPHONEOS_DEPLOYMENT_TARGET = 15.0;
				LD_RUNPATH_SEARCH_PATHS = (
					"$(inherited)",
					"@executable_path/Frameworks",
				);
				MARKETING_VERSION = 1.0;
				PRODUCT_BUNDLE_IDENTIFIER = co.za.buddyproductions.HambaClassVersion;
				PRODUCT_NAME = "$(TARGET_NAME)";
				SWIFT_EMIT_LOC_STRINGS = YES;
				SWIFT_VERSION = 5.0;
				TARGETED_DEVICE_FAMILY = "1,2";
			};
			name = Release;
		};
		278E2F6B27F88D8300CEC573 /* Debug */ = {
			isa = XCBuildConfiguration;
			buildSettings = {
				ALWAYS_EMBED_SWIFT_STANDARD_LIBRARIES = YES;
				BUNDLE_LOADER = "$(TEST_HOST)";
				CODE_SIGN_STYLE = Automatic;
				CURRENT_PROJECT_VERSION = 1;
				DEVELOPMENT_TEAM = 2TTZ43SF89;
				GENERATE_INFOPLIST_FILE = YES;
				IPHONEOS_DEPLOYMENT_TARGET = 15.4;
				MARKETING_VERSION = 1.0;
				PRODUCT_BUNDLE_IDENTIFIER = co.za.buddyproductions.HambaClassVersionTests;
				PRODUCT_NAME = "$(TARGET_NAME)";
				SWIFT_EMIT_LOC_STRINGS = NO;
				SWIFT_VERSION = 5.0;
				TARGETED_DEVICE_FAMILY = "1,2";
				TEST_HOST = "$(BUILT_PRODUCTS_DIR)/HambaClassVersion.app/HambaClassVersion";
			};
			name = Debug;
		};
		278E2F6C27F88D8300CEC573 /* Release */ = {
			isa = XCBuildConfiguration;
			buildSettings = {
				ALWAYS_EMBED_SWIFT_STANDARD_LIBRARIES = YES;
				BUNDLE_LOADER = "$(TEST_HOST)";
				CODE_SIGN_STYLE = Automatic;
				CURRENT_PROJECT_VERSION = 1;
				DEVELOPMENT_TEAM = 2TTZ43SF89;
				GENERATE_INFOPLIST_FILE = YES;
				IPHONEOS_DEPLOYMENT_TARGET = 15.4;
				MARKETING_VERSION = 1.0;
				PRODUCT_BUNDLE_IDENTIFIER = co.za.buddyproductions.HambaClassVersionTests;
				PRODUCT_NAME = "$(TARGET_NAME)";
				SWIFT_EMIT_LOC_STRINGS = NO;
				SWIFT_VERSION = 5.0;
				TARGETED_DEVICE_FAMILY = "1,2";
				TEST_HOST = "$(BUILT_PRODUCTS_DIR)/HambaClassVersion.app/HambaClassVersion";
			};
			name = Release;
		};
		278E2F6E27F88D8300CEC573 /* Debug */ = {
			isa = XCBuildConfiguration;
			buildSettings = {
				ALWAYS_EMBED_SWIFT_STANDARD_LIBRARIES = YES;
				CODE_SIGN_STYLE = Automatic;
				CURRENT_PROJECT_VERSION = 1;
				DEVELOPMENT_TEAM = 2TTZ43SF89;
				GENERATE_INFOPLIST_FILE = YES;
				MARKETING_VERSION = 1.0;
				PRODUCT_BUNDLE_IDENTIFIER = co.za.buddyproductions.HambaClassVersionUITests;
				PRODUCT_NAME = "$(TARGET_NAME)";
				SWIFT_EMIT_LOC_STRINGS = NO;
				SWIFT_VERSION = 5.0;
				TARGETED_DEVICE_FAMILY = "1,2";
				TEST_TARGET_NAME = HambaClassVersion;
			};
			name = Debug;
		};
		278E2F6F27F88D8300CEC573 /* Release */ = {
			isa = XCBuildConfiguration;
			buildSettings = {
				ALWAYS_EMBED_SWIFT_STANDARD_LIBRARIES = YES;
				CODE_SIGN_STYLE = Automatic;
				CURRENT_PROJECT_VERSION = 1;
				DEVELOPMENT_TEAM = 2TTZ43SF89;
				GENERATE_INFOPLIST_FILE = YES;
				MARKETING_VERSION = 1.0;
				PRODUCT_BUNDLE_IDENTIFIER = co.za.buddyproductions.HambaClassVersionUITests;
				PRODUCT_NAME = "$(TARGET_NAME)";
				SWIFT_EMIT_LOC_STRINGS = NO;
				SWIFT_VERSION = 5.0;
				TARGETED_DEVICE_FAMILY = "1,2";
				TEST_TARGET_NAME = HambaClassVersion;
			};
			name = Release;
		};
/* End XCBuildConfiguration section */

/* Begin XCConfigurationList section */
		278E2F3E27F88D8200CEC573 /* Build configuration list for PBXProject "HambaClassVersion" */ = {
			isa = XCConfigurationList;
			buildConfigurations = (
				278E2F6527F88D8300CEC573 /* Debug */,
				278E2F6627F88D8300CEC573 /* Release */,
			);
			defaultConfigurationIsVisible = 0;
			defaultConfigurationName = Release;
		};
		278E2F6727F88D8300CEC573 /* Build configuration list for PBXNativeTarget "HambaClassVersion" */ = {
			isa = XCConfigurationList;
			buildConfigurations = (
				278E2F6827F88D8300CEC573 /* Debug */,
				278E2F6927F88D8300CEC573 /* Release */,
			);
			defaultConfigurationIsVisible = 0;
			defaultConfigurationName = Release;
		};
		278E2F6A27F88D8300CEC573 /* Build configuration list for PBXNativeTarget "HambaClassVersionTests" */ = {
			isa = XCConfigurationList;
			buildConfigurations = (
				278E2F6B27F88D8300CEC573 /* Debug */,
				278E2F6C27F88D8300CEC573 /* Release */,
			);
			defaultConfigurationIsVisible = 0;
			defaultConfigurationName = Release;
		};
		278E2F6D27F88D8300CEC573 /* Build configuration list for PBXNativeTarget "HambaClassVersionUITests" */ = {
			isa = XCConfigurationList;
			buildConfigurations = (
				278E2F6E27F88D8300CEC573 /* Debug */,
				278E2F6F27F88D8300CEC573 /* Release */,
			);
			defaultConfigurationIsVisible = 0;
			defaultConfigurationName = Release;
		};
/* End XCConfigurationList section */
	};
	rootObject = 278E2F3B27F88D8200CEC573 /* Project object */;
}
